
Microsoft Visual Studio Solution File, Format Version 12.00
# Visual Studio Version 17
VisualStudioVersion = 17.0.31903.59
MinimumVisualStudioVersion = 10.0.40219.1
Project("{2150E333-8FDC-42A3-9474-1A3956D46DE8}") = "src", "src", "{827E0CD3-B72D-47B6-A68D-7590B98EB39B}"
EndProject
Project("{FAE04EC0-301F-11D3-BF4B-00C04F79EFBC}") = "Kerblox.Core", "src\Kerblox.Core\Kerblox.Core.csproj", "{0B05399A-D52E-4779-87F4-1082B7CB4CDD}"
EndProject
Project("{2150E333-8FDC-42A3-9474-1A3956D46DE8}") = "tests", "tests", "{0AB3BF05-4346-4AA6-1389-037BE0695223}"
EndProject
Project("{FAE04EC0-301F-11D3-BF4B-00C04F79EFBC}") = "Kerblox.Core.Tests", "tests\Kerblox.Core.Tests\Kerblox.Core.Tests.csproj", "{BF3F8246-DE7F-470E-A8FF-BD7363F6A280}"
EndProject
Project("{FAE04EC0-301F-11D3-BF4B-00C04F79EFBC}") = "Kerblox", "src\Kerblox\Kerblox.csproj", "{A4DD498F-1B86-4EA4-A680-9A9CAA4187FB}"
EndProject
Global
	GlobalSection(SolutionConfigurationPlatforms) = preSolution
		Debug|Any CPU = Debug|Any CPU
		Debug|x64 = Debug|x64
		Debug|x86 = Debug|x86
		Release|Any CPU = Release|Any CPU
		Release|x64 = Release|x64
		Release|x86 = Release|x86
	EndGlobalSection
	GlobalSection(ProjectConfigurationPlatforms) = postSolution
		{0B05399A-D52E-4779-87F4-1082B7CB4CDD}.Debug|Any CPU.ActiveCfg = Debug|Any CPU
		{0B05399A-D52E-4779-87F4-1082B7CB4CDD}.Debug|Any CPU.Build.0 = Debug|Any CPU
		{0B05399A-D52E-4779-87F4-1082B7CB4CDD}.Debug|x64.ActiveCfg = Debug|Any CPU
		{0B05399A-D52E-4779-87F4-1082B7CB4CDD}.Debug|x64.Build.0 = Debug|Any CPU
		{0B05399A-D52E-4779-87F4-1082B7CB4CDD}.Debug|x86.ActiveCfg = Debug|Any CPU
		{0B05399A-D52E-4779-87F4-1082B7CB4CDD}.Debug|x86.Build.0 = Debug|Any CPU
		{0B05399A-D52E-4779-87F4-1082B7CB4CDD}.Release|Any CPU.ActiveCfg = Release|Any CPU
		{0B05399A-D52E-4779-87F4-1082B7CB4CDD}.Release|Any CPU.Build.0 = Release|Any CPU
		{0B05399A-D52E-4779-87F4-1082B7CB4CDD}.Release|x64.ActiveCfg = Release|Any CPU
		{0B05399A-D52E-4779-87F4-1082B7CB4CDD}.Release|x64.Build.0 = Release|Any CPU
		{0B05399A-D52E-4779-87F4-1082B7CB4CDD}.Release|x86.ActiveCfg = Release|Any CPU
		{0B05399A-D52E-4779-87F4-1082B7CB4CDD}.Release|x86.Build.0 = Release|Any CPU
		{BF3F8246-DE7F-470E-A8FF-BD7363F6A280}.Debug|Any CPU.ActiveCfg = Debug|Any CPU
		{BF3F8246-DE7F-470E-A8FF-BD7363F6A280}.Debug|Any CPU.Build.0 = Debug|Any CPU
		{BF3F8246-DE7F-470E-A8FF-BD7363F6A280}.Debug|x64.ActiveCfg = Debug|Any CPU
		{BF3F8246-DE7F-470E-A8FF-BD7363F6A280}.Debug|x64.Build.0 = Debug|Any CPU
		{BF3F8246-DE7F-470E-A8FF-BD7363F6A280}.Debug|x86.ActiveCfg = Debug|Any CPU
		{BF3F8246-DE7F-470E-A8FF-BD7363F6A280}.Debug|x86.Build.0 = Debug|Any CPU
		{BF3F8246-DE7F-470E-A8FF-BD7363F6A280}.Release|Any CPU.ActiveCfg = Release|Any CPU
		{BF3F8246-DE7F-470E-A8FF-BD7363F6A280}.Release|Any CPU.Build.0 = Release|Any CPU
		{BF3F8246-DE7F-470E-A8FF-BD7363F6A280}.Release|x64.ActiveCfg = Release|Any CPU
		{BF3F8246-DE7F-470E-A8FF-BD7363F6A280}.Release|x64.Build.0 = Release|Any CPU
		{BF3F8246-DE7F-470E-A8FF-BD7363F6A280}.Release|x86.ActiveCfg = Release|Any CPU
		{BF3F8246-DE7F-470E-A8FF-BD7363F6A280}.Release|x86.Build.0 = Release|Any CPU
		{A4DD498F-1B86-4EA4-A680-9A9CAA4187FB}.Debug|Any CPU.ActiveCfg = Debug|Any CPU
		{A4DD498F-1B86-4EA4-A680-9A9CAA4187FB}.Debug|Any CPU.Build.0 = Debug|Any CPU
		{A4DD498F-1B86-4EA4-A680-9A9CAA4187FB}.Debug|x64.ActiveCfg = Debug|Any CPU
		{A4DD498F-1B86-4EA4-A680-9A9CAA4187FB}.Debug|x64.Build.0 = Debug|Any CPU
		{A4DD498F-1B86-4EA4-A680-9A9CAA4187FB}.Debug|x86.ActiveCfg = Debug|Any CPU
		{A4DD498F-1B86-4EA4-A680-9A9CAA4187FB}.Debug|x86.Build.0 = Debug|Any CPU
		{A4DD498F-1B86-4EA4-A680-9A9CAA4187FB}.Release|Any CPU.ActiveCfg = Release|Any CPU
		{A4DD498F-1B86-4EA4-A680-9A9CAA4187FB}.Release|Any CPU.Build.0 = Release|Any CPU
		{A4DD498F-1B86-4EA4-A680-9A9CAA4187FB}.Release|x64.ActiveCfg = Release|Any CPU
		{A4DD498F-1B86-4EA4-A680-9A9CAA4187FB}.Release|x64.Build.0 = Release|Any CPU
		{A4DD498F-1B86-4EA4-A680-9A9CAA4187FB}.Release|x86.ActiveCfg = Release|Any CPU
		{A4DD498F-1B86-4EA4-A680-9A9CAA4187FB}.Release|x86.Build.0 = Release|Any CPU
	EndGlobalSection
	GlobalSection(SolutionProperties) = preSolution
		HideSolutionNode = FALSE
	EndGlobalSection
	GlobalSection(NestedProjects) = preSolution
		{0B05399A-D52E-4779-87F4-1082B7CB4CDD} = {827E0CD3-B72D-47B6-A68D-7590B98EB39B}
		{BF3F8246-DE7F-470E-A8FF-BD7363F6A280} = {0AB3BF05-4346-4AA6-1389-037BE0695223}
		{A4DD498F-1B86-4EA4-A680-9A9CAA4187FB} = {827E0CD3-B72D-47B6-A68D-7590B98EB39B}
	EndGlobalSection
EndGlobal
